{
  "name": "json-template-engine-tutorial",
  "version": "1.0.0",
  "lockfileVersion": 1,
  "requires": true,
  "dependencies": {
    "json-template-engine": {
      "version": "1.0.17",
      "resolved": "https://registry.npmjs.org/json-template-engine/-/json-template-engine-1.0.17.tgz",
      "integrity": "sha512-nSTexhAgElmy/v771NMFVZ5s14NEfpx1FzK9nE1aJh2a4a0T005Ue4WrKb4ousz8vqfbU+DQq//9thy2QPEs+Q=="
    }
  }
}
